
Microsoft Visual Studio Solution File, Format Version 12.00
# Visual Studio Version 17
VisualStudioVersion = 17.13.35806.99 d17.13
MinimumVisualStudioVersion = 10.0.40219.1
Project("{FAE04EC0-301F-11D3-BF4B-00C04F79EFBC}") = "TestPR", "TestPR\TestPR.csproj", "{FAE2B303-7B8C-4C03-822E-127D66B6757C}"
EndProject
Global
	GlobalSection(SolutionConfigurationPlatforms) = preSolution
		Debug|Any CPU = Debug|Any CPU
		Release|Any CPU = Release|Any CPU
	EndGlobalSection
	GlobalSection(ProjectConfigurationPlatforms) = postSolution
		{FAE2B303-7B8C-4C03-822E-127D66B6757C}.Debug|Any CPU.ActiveCfg = Debug|Any CPU
		{FAE2B303-7B8C-4C03-822E-127D66B6757C}.Debug|Any CPU.Build.0 = Debug|Any CPU
		{FAE2B303-7B8C-4C03-822E-127D66B6757C}.Release|Any CPU.ActiveCfg = Release|Any CPU
		{FAE2B303-7B8C-4C03-822E-127D66B6757C}.Release|Any CPU.Build.0 = Release|Any CPU
	EndGlobalSection
	GlobalSection(SolutionProperties) = preSolution
		HideSolutionNode = FALSE
	EndGlobalSection
	GlobalSection(ExtensibilityGlobals) = postSolution
		SolutionGuid = {33A18DB0-2A68-43BB-87F5-EA69884CC48F}
	EndGlobalSection
EndGlobal
